version = 1
revision = 3
requires-python = ">=3.14"

[[package]]
name = "asgiref"
version = "3.12.1"
source = { registry = "https://pypi.org/simple" }
sdist = { url = "https://files.pythonhosted.org/packages/e6/26/3b59f2bdae5f640389becb1f673cded775287f5fc4f816309d9ca9a3f93d/asgiref-3.12.1.tar.gz", hash = "sha256:59dcb51c272ad209d59bed5708a64a333083e86017d7fcdd67498eeab7784340", size = 42378, upload-time = "2026-07-14T09:56:18.087Z" }
wheels = [
    { url = "https://files.pythonhosted.org/packages/c0/1b/54f4ad77cd8a584fa70746c47df988e002cf1ee1eba43364d46f87803647/asgiref-3.12.1-py3-none-any.whl", hash = "sha256:fe386d1c2bff7259ea95929266d12a8cf9a8b5a1c2598402967d8792e7a7c094", size = 25478, upload-time = "2026-07-14T09:56:16.926Z" },
]

[[package]]
name = "babel"
version = "2.18.0"
source = { registry = "https://pypi.org/simple" }
sdist = { url = "https://files.pythonhosted.org/packages/7d/b2/51899539b6ceeeb420d40ed3cd4b7a40519404f9baf3d4ac99dc413a834b/babel-2.18.0.tar.gz", hash = "sha256:b80b99a14bd085fcacfa15c9165f651fbb3406e66cc603abf11c5750937c992d", size = 9959554, upload-time = "2026-02-01T12:30:56.078Z" }
wheels = [
    { url = "https://files.pythonhosted.org/packages/77/f5/21d2de20e8b8b0408f0681956ca2c69f1320a3848ac50e6e7f39c6159675/babel-2.18.0-py3-none-any.whl", hash = "sha256:e2b422b277c2b9a9630c1d7903c2a00d0830c409c59ac8cae9081c92f1aeba35", size = 10196845, upload-time = "2026-02-01T12:30:53.445Z" },
]

[[package]]
name = "django"
version = "6.1"
source = { registry = "https://pypi.org/simple" }
dependencies = [
    { name = "asgiref" },
    { name = "sqlparse" },
    { name = "tzdata", marker = "sys_platform == 'win32'" },
]
sdist = { url = "https://files.pythonhosted.org/packages/e2/42/6cb20996733984c1f6661daeda3877990836c76c633c6c8879d39f7120eb/django-6.1.tar.gz", hash = "sha256:86a2aacd59b817e4d6ac2ebfe22356c58f66f7b24e503f71b7c2fead677ee48b", size = 11223034, upload-time = "2026-08-05T19:21:53.789Z" }
wheels = [
    { url = "https://files.pythonhosted.org/packages/91/9c/ce847620134cfab903e75690c498af73b46abbede2912ea89bd76d5c1e76/django-6.1-py3-none-any.whl", hash = "sha256:6c132cd980c9392b06807d4ca52d72530d631dc65a85d9dacede00a780cefbbe", size = 8417399, upload-time = "2026-08-05T19:21:47.285Z" },
]

[[package]]
name = "django-admin-sortable2"
version = "2.3.1"
source = { registry = "https://pypi.org/simple" }
dependencies = [
    { name = "django" },
]
sdist = { url = "https://files.pythonhosted.org/packages/e2/09/cc2d19412e47aaf627f54f9b5b544de73553bd71e25d417dd62e91b36edd/django_admin_sortable2-2.3.1.tar.gz", hash = "sha256:e397d08606f9e0da73e52661b841021ecab21be6f74783408e625ccddfe975af", size = 67497, upload-time = "2026-01-22T14:20:29.049Z" }
wheels = [
    { url = "https://files.pythonhosted.org/packages/c8/77/4396e853c3ee3b1264a2bb23f9b1934194ab750c6ecd30aa194b53dec7b9/django_admin_sortable2-2.3.1-py3-none-any.whl", hash = "sha256:5784f441f3532013438c3c3226fbccc39b9c733f867b26a5f477d6b05f734b93", size = 107015, upload-time = "2026-01-22T14:20:27.604Z" },
]

[[package]]
name = "django-countries"
version = "9.0.0"
source = { registry = "https://pypi.org/simple" }
dependencies = [
    { name = "asgiref" },
    { name = "typing-extensions" },
]
sdist = { url = "https://files.pythonhosted.org/packages/6e/c1/1e8feb818164c3f23465c08cc3bc1cd7da7101506268a138a1b92ea40339/django_countries-9.0.0.tar.gz", hash = "sha256:a993416af08a8a4e6e866d56b71c7ce92351c81a2543da213cd7899917567a42", size = 614144, upload-time = "2026-06-10T00:39:28.841Z" }
wheels = [
    { url = "https://files.pythonhosted.org/packages/5c/bb/5a17b339852f6486d02b4dd0033132082976c71f049ee909ccb42917be52/django_countries-9.0.0-py3-none-any.whl", hash = "sha256:21fce461733c856355c487d1f24b71338599482505004a0c2e521fd574a59fb1", size = 931759, upload-time = "2026-06-10T00:39:26.851Z" },
]

[[package]]
name = "django-js-asset"
version = "4.0.1"
source = { registry = "https://pypi.org/simple" }
dependencies = [
    { name = "django" },
]
sdist = { url = "https://files.pythonhosted.org/packages/3a/c5/956692dfff12d8d5439034085e24a892938fa176a1526d5664f06d869959/django_js_asset-4.0.1.tar.gz", hash = "sha256:51ad1060115bf741bef88dc1287ca7f70e1d6ea7cf935f52a34f39eca9bd9db1", size = 26827, upload-time = "2026-06-11T16:04:28.379Z" }
wheels = [
    { url = "https://files.pythonhosted.org/packages/d0/6e/ce1446c09994d44b8722c8979025ff90566279f344e4b1d4e20181128048/django_js_asset-4.0.1-py3-none-any.whl", hash = "sha256:967ac7d95ce094d9f65f358278bcd494201e2f9bbee936430150de83eac9f656", size = 13462, upload-time = "2026-06-11T16:04:27.13Z" },
]

[[package]]
name = "django-money"
version = "3.6.1"
source = { registry = "https://pypi.org/simple" }
dependencies = [
    { name = "django" },
    { name = "py-moneyed" },
]
sdist = { url = "https://files.pythonhosted.org/packages/5e/a1/2a86adff207bd7562a26da2319746fba516978a946fe0864fad96640ecae/django_money-3.6.1.tar.gz", hash = "sha256:9b25d992a457af932eef1e5fef0098dd3ff0c92f4255d2d6d452af772b2fdde5", size = 45020, upload-time = "2026-06-07T10:52:34.363Z" }
wheels = [
    { url = "https://files.pythonhosted.org/packages/53/27/d044f09fcdb2a630c12f737a38615e9ace35eeb7923c4a10247f9b1e552b/django_money-3.6.1-py3-none-any.whl", hash = "sha256:32a8027a91dea969951a34a9cc4a4f101aaa6ec45e7f784f0b17ec7813818fb2", size = 38296, upload-time = "2026-06-07T10:52:33.193Z" },
]

[[package]]
name = "django-mptt"
version = "0.18.0"
source = { registry = "https://pypi.org/simple" }
dependencies = [
    { name = "django-js-asset" },
]
sdist = { url = "https://files.pythonhosted.org/packages/eb/25/04bb8e4384f3484dabbd0e2a84946f1c972b95b07512509a17aaa361be0f/django_mptt-0.18.0.tar.gz", hash = "sha256:cf5661357ff22bc64e20d3341c26e538aa54583aea0763cfe6aaec0ab8e3a8ee", size = 71407, upload-time = "2025-08-26T09:27:01.05Z" }
wheels = [
    { url = "https://files.pythonhosted.org/packages/51/9e/78aad58a90f2e4d0c898eeadd2f2b720bcae29b43676dd37c2b627c4c6c6/django_mptt-0.18.0-py3-none-any.whl", hash = "sha256:bfa3f01627e3966a1df901aeca74570a3e933e66809ebf58d9df673e63627afb", size = 120157, upload-time = "2025-08-26T09:27:02.168Z" },
]

[[package]]
name = "django-stubs"
version = "6.1.0"
source = { registry = "https://pypi.org/simple" }
dependencies = [
    { name = "django" },
    { name = "django-stubs-ext" },
    { name = "types-pyyaml" },
    { name = "typing-extensions" },
]
sdist = { url = "https://files.pythonhosted.org/packages/65/34/e9f03764b32f56c02168814385ddc6d0e49a7b3e4381e8e3f6f5f34f39ff/django_stubs-6.1.0.tar.gz", hash = "sha256:b6aecc5c738a103135f76ba160a6f75e3b27dcf0200c64d7226018cdbc2340dd", size = 293018, upload-time = "2026-08-12T10:55:28.817Z" }
wheels = [
    { url = "https://files.pythonhosted.org/packages/a8/cf/064d7c48642309f3397b17ff14f3159c5225eb9321185a10039c0e846848/django_stubs-6.1.0-py3-none-any.whl", hash = "sha256:63b23ccca2616d464ed7e37d1ce44960315cb3cecab75b23c928467ef125e560", size = 557040, upload-time = "2026-08-12T10:55:26.959Z" },
]

[[package]]
name = "django-stubs-ext"
version = "6.1.0"
source = { registry = "https://pypi.org/simple" }
dependencies = [
    { name = "django" },
    { name = "typing-extensions" },
]
sdist = { url = "https://files.pythonhosted.org/packages/e6/40/75dd6650c5fc345b9edaebe42085811096e31a502fdbe17a52ffb9640d03/django_stubs_ext-6.1.0.tar.gz", hash = "sha256:d5635a481f5bdf2e04d533a8b602d3b9a28f073deffc85b83048dd20032e4d20", size = 6848, upload-time = "2026-08-12T10:54:44.47Z" }
wheels = [
    { url = "https://files.pythonhosted.org/packages/ed/41/10b8d576651af4f1dc6bdfb0d8a203e8b3a55d60ae36ba305d0edcdb594f/django_stubs_ext-6.1.0-py3-none-any.whl", hash = "sha256:57273506823274700a707c8f404dfb52a12c4554daf1468dfb2bff857bb22074", size = 10404, upload-time = "2026-08-12T10:54:42.979Z" },
]

[[package]]
name = "django-unfold"
version = "0.104.1"
source = { registry = "https://pypi.org/simple" }
dependencies = [
    { name = "django" },
]
sdist = { url = "https://files.pythonhosted.org/packages/12/41/0685cfdad4cf77a571e48227c78a9b8ae6d15679c2e9c9e724142a26cc3a/django_unfold-0.104.1.tar.gz", hash = "sha256:13b52e8100f2d844568cf08a2057cacd3686bc1083e0e491d05fc688025c966f", size = 1126154, upload-time = "2026-08-12T07:43:46.027Z" }
wheels = [
    { url = "https://files.pythonhosted.org/packages/37/25/d9165c8b4e1deb37d0ac68bfe837c59a4ddb895f5df8b9c97b4bd433ab23/django_unfold-0.104.1-py3-none-any.whl", hash = "sha256:4eece526e1e80f5133632acae260cc53ab2f52020ff9f64bb98d9c9c738d9888", size = 1254159, upload-time = "2026-08-12T07:43:44.565Z" },
]

[[package]]
name = "djangosklad"
version = "0.1.0"
source = { virtual = "." }
dependencies = [
    { name = "django" },
    { name = "django-admin-sortable2" },
    { name = "django-countries" },
    { name = "django-money" },
    { name = "django-mptt" },
    { name = "django-stubs" },
    { name = "django-unfold" },
]

[package.metadata]
requires-dist = [
    { name = "django", specifier = ">=6.0" },
    { name = "django-admin-sortable2", specifier = ">=2.3.1" },
    { name = "django-countries", specifier = ">=8.2.0" },
    { name = "django-money", specifier = ">=3.6.0" },
    { name = "django-mptt", specifier = ">=0.18.0" },
    { name = "django-stubs", specifier = ">=6.0.3" },
    { name = "django-unfold", specifier = ">=0.91.0" },
]

[[package]]
name = "py-moneyed"
version = "3.0"
source = { registry = "https://pypi.org/simple" }
dependencies = [
    { name = "babel" },
    { name = "typing-extensions" },
]
sdist = { url = "https://files.pythonhosted.org/packages/2c/d9/cb6f113d2b7cf930bb3963d2b84ee245c20f93f9afc2e41adece58d324ae/py-moneyed-3.0.tar.gz", hash = "sha256:4906f0f02cf2b91edba2e156f2d4e9a78f224059ab8c8fa2ff26230c75d894e8", size = 20385, upload-time = "2022-11-27T21:29:38.564Z" }
wheels = [
    { url = "https://files.pythonhosted.org/packages/be/2b/2d87f12edc70f0d8c85148c51b57a4b8cf89e4d8ad291935a47ed1b7c52e/py_moneyed-3.0-py3-none-any.whl", hash = "sha256:9583a14f99c05b46196193d8185206e9b73c8439fc8a5eee9cfc7e733676d9bb", size = 11324, upload-time = "2022-11-27T21:29:37.201Z" },
]

[[package]]
name = "sqlparse"
version = "0.6.0"
source = { registry = "https://pypi.org/simple" }
sdist = { url = "https://files.pythonhosted.org/packages/5f/d3/3f06a1006f2261d1342aefb3c71eed02f5d4ca5bdbecd86ebc12ad38306e/sqlparse-0.6.0.tar.gz", hash = "sha256:113c35c75365ab9cc9c7231d68c6428fb11c085fc8e9eb1ad659b7ddbf6cd2b9", size = 178477, upload-time = "2026-08-13T19:16:06.396Z" }
wheels = [
    { url = "https://files.pythonhosted.org/packages/d9/50/f00935da0ec7cbf325f8dc4f772ae46fbc7b672dd62876e73f0a94adda57/sqlparse-0.6.0-py3-none-any.whl", hash = "sha256:b861c0288ce2fa56209a9a6412d2e066ac664b3873b89c26c9d8415e8e32996f", size = 50070, upload-time = "2026-08-13T19:16:04.062Z" },
]

[[package]]
name = "types-pyyaml"
version = "6.0.12.20260815"
source = { registry = "https://pypi.org/simple" }
sdist = { url = "https://files.pythonhosted.org/packages/9f/72/b56089aeee6c496d969bac42376bedb6e3eeab4682e1018fa3137122f94b/types_pyyaml-6.0.12.20260815.tar.gz", hash = "sha256:28764110c9cf35846e733da32d8d734df7473c5dde9ef67c3b7332ec0e819858", size = 18545, upload-time = "2026-08-15T02:41:51.532Z" }
wheels = [
    { url = "https://files.pythonhosted.org/packages/08/52/eefeba09be4ef2a1eb989eb92934561e8e502a6ee3c32654996e4be7e399/types_pyyaml-6.0.12.20260815-py3-none-any.whl", hash = "sha256:6f332212b7e191f3afd5016a713c510b6340593b7ebec573c7d5d20aa5386d3b", size = 21148, upload-time = "2026-08-15T02:41:50.555Z" },
]

[[package]]
name = "typing-extensions"
version = "4.16.0"
source = { registry = "https://pypi.org/simple" }
sdist = { url = "https://files.pythonhosted.org/packages/f6/cc/6253133b5bb138fc3306cebfbda2c520f545d36b5be2c7255cc528bb45d6/typing_extensions-4.16.0.tar.gz", hash = "sha256:dc983d19a509c94dba722ee6abd33940f7c05a89e243c47e907eb4db6f1a43e5", size = 113555, upload-time = "2026-07-02T08:40:05.92Z" }
wheels = [
    { url = "https://files.pythonhosted.org/packages/49/d3/b8441a820a491ddfc024b0b0cf0393375b75ea13866d9c66727e54c2fc80/typing_extensions-4.16.0-py3-none-any.whl", hash = "sha256:481caa481374e813c1b176ada14e97f1f67a4539ce9cfeb3f350d78d6370c2e8", size = 45571, upload-time = "2026-07-02T08:40:04.659Z" },
]

[[package]]
name = "tzdata"
version = "2026.3"
source = { registry = "https://pypi.org/simple" }
sdist = { url = "https://files.pythonhosted.org/packages/92/ff/5a28bdfd8c3ebec42564ac7d0e54ca3db65044a9314a97f9564fa7a1e926/tzdata-2026.3.tar.gz", hash = "sha256:4a1518b8993086a7982523e071643f3c0e5f213e75b21318e78bcabfff9d1415", size = 198674, upload-time = "2026-07-10T08:50:37.887Z" }
wheels = [
    { url = "https://files.pythonhosted.org/packages/e5/6d/b53b99a9f2766d095985947a5782f1702cabb129a34f7a802d7197af832f/tzdata-2026.3-py2.py3-none-any.whl", hash = "sha256:dc096730c87af6cab1b171c9d532be840741ff5d459015e7f6947bd7d7e54931", size = 348168, upload-time = "2026-07-10T08:50:36.46Z" },
]
